
Microsoft Visual Studio Solution File, Format Version 12.00
# Visual Studio Version 16
VisualStudioVersion = 16.0.29215.179
MinimumVisualStudioVersion = 10.0.40219.1
Project("{FAE04EC0-301F-11D3-BF4B-00C04F79EFBC}") = "Cash Register", "Cash Register\Cash Register.csproj", "{5AA0FC2B-08D4-46A3-A10E-3E496610EB6E}"
EndProject
Global
	GlobalSection(SolutionConfigurationPlatforms) = preSolution
		Debug|Any CPU = Debug|Any CPU
		Release|Any CPU = Release|Any CPU
	EndGlobalSection
	GlobalSection(ProjectConfigurationPlatforms) = postSolution
		{5AA0FC2B-08D4-46A3-A10E-3E496610EB6E}.Debug|Any CPU.ActiveCfg = Debug|Any CPU
		{5AA0FC2B-08D4-46A3-A10E-3E496610EB6E}.Debug|Any CPU.Build.0 = Debug|Any CPU
		{5AA0FC2B-08D4-46A3-A10E-3E496610EB6E}.Release|Any CPU.ActiveCfg = Release|Any CPU
		{5AA0FC2B-08D4-46A3-A10E-3E496610EB6E}.Release|Any CPU.Build.0 = Release|Any CPU
	EndGlobalSection
	GlobalSection(SolutionProperties) = preSolution
		HideSolutionNode = FALSE
	EndGlobalSection
	GlobalSection(ExtensibilityGlobals) = postSolution
		SolutionGuid = {0AA77B58-2FC4-45AE-AC6B-E7C285181328}
	EndGlobalSection
EndGlobal
